
Microsoft Visual Studio Solution File, Format Version 12.00
# Visual Studio 2013
VisualStudioVersion = 12.0.40629.0
MinimumVisualStudioVersion = 10.0.40219.1
Project("{FAE04EC0-301F-11D3-BF4B-00C04F79EFBC}") = "AABrownBag", "AABrownBag\AABrownBag.csproj", "{C1A14F19-DA15-40BF-AE9B-34B2C9BE7A8C}"
EndProject
Project("{FAE04EC0-301F-11D3-BF4B-00C04F79EFBC}") = "AABrownBag.Tests", "AABrownBag.Tests\AABrownBag.Tests.csproj", "{0CD6390D-08A2-45FA-86B9-9A9140998D3C}"
EndProject
Project("{FAE04EC0-301F-11D3-BF4B-00C04F79EFBC}") = "AABrownBag.Console", "AABrownBag.Console\AABrownBag.Console.csproj", "{E4ADDED2-D865-403D-86E6-5EF372F53D79}"
EndProject
Project("{FAE04EC0-301F-11D3-BF4B-00C04F79EFBC}") = "Stockify", "Stockify\Stockify.csproj", "{B9B969AE-E444-436C-B942-311C9E6E6BC3}"
EndProject
Project("{FAE04EC0-301F-11D3-BF4B-00C04F79EFBC}") = "Stockify.Tests", "Stockify.Tests\Stockify.Tests.csproj", "{886925FC-9685-487A-8032-A357855A6BF1}"
EndProject
Project("{FAE04EC0-301F-11D3-BF4B-00C04F79EFBC}") = "AABrownBag.Core", "AABrownBag.Core\AABrownBag.Core.csproj", "{52737CB6-19C9-440D-A91A-A04DE54A84E4}"
EndProject
Global
	GlobalSection(SolutionConfigurationPlatforms) = preSolution
		Debug|Any CPU = Debug|Any CPU
		Release|Any CPU = Release|Any CPU
	EndGlobalSection
	GlobalSection(ProjectConfigurationPlatforms) = postSolution
		{C1A14F19-DA15-40BF-AE9B-34B2C9BE7A8C}.Debug|Any CPU.ActiveCfg = Debug|Any CPU
		{C1A14F19-DA15-40BF-AE9B-34B2C9BE7A8C}.Debug|Any CPU.Build.0 = Debug|Any CPU
		{C1A14F19-DA15-40BF-AE9B-34B2C9BE7A8C}.Release|Any CPU.ActiveCfg = Release|Any CPU
		{C1A14F19-DA15-40BF-AE9B-34B2C9BE7A8C}.Release|Any CPU.Build.0 = Release|Any CPU
		{0CD6390D-08A2-45FA-86B9-9A9140998D3C}.Debug|Any CPU.ActiveCfg = Debug|Any CPU
		{0CD6390D-08A2-45FA-86B9-9A9140998D3C}.Debug|Any CPU.Build.0 = Debug|Any CPU
		{0CD6390D-08A2-45FA-86B9-9A9140998D3C}.Release|Any CPU.ActiveCfg = Release|Any CPU
		{0CD6390D-08A2-45FA-86B9-9A9140998D3C}.Release|Any CPU.Build.0 = Release|Any CPU
		{E4ADDED2-D865-403D-86E6-5EF372F53D79}.Debug|Any CPU.ActiveCfg = Debug|Any CPU
		{E4ADDED2-D865-403D-86E6-5EF372F53D79}.Debug|Any CPU.Build.0 = Debug|Any CPU
		{E4ADDED2-D865-403D-86E6-5EF372F53D79}.Release|Any CPU.ActiveCfg = Release|Any CPU
		{E4ADDED2-D865-403D-86E6-5EF372F53D79}.Release|Any CPU.Build.0 = Release|Any CPU
		{B9B969AE-E444-436C-B942-311C9E6E6BC3}.Debug|Any CPU.ActiveCfg = Debug|Any CPU
		{B9B969AE-E444-436C-B942-311C9E6E6BC3}.Debug|Any CPU.Build.0 = Debug|Any CPU
		{B9B969AE-E444-436C-B942-311C9E6E6BC3}.Release|Any CPU.ActiveCfg = Release|Any CPU
		{B9B969AE-E444-436C-B942-311C9E6E6BC3}.Release|Any CPU.Build.0 = Release|Any CPU
		{886925FC-9685-487A-8032-A357855A6BF1}.Debug|Any CPU.ActiveCfg = Debug|Any CPU
		{886925FC-9685-487A-8032-A357855A6BF1}.Debug|Any CPU.Build.0 = Debug|Any CPU
		{886925FC-9685-487A-8032-A357855A6BF1}.Release|Any CPU.ActiveCfg = Release|Any CPU
		{886925FC-9685-487A-8032-A357855A6BF1}.Release|Any CPU.Build.0 = Release|Any CPU
		{52737CB6-19C9-440D-A91A-A04DE54A84E4}.Debug|Any CPU.ActiveCfg = Debug|Any CPU
		{52737CB6-19C9-440D-A91A-A04DE54A84E4}.Debug|Any CPU.Build.0 = Debug|Any CPU
		{52737CB6-19C9-440D-A91A-A04DE54A84E4}.Release|Any CPU.ActiveCfg = Release|Any CPU
		{52737CB6-19C9-440D-A91A-A04DE54A84E4}.Release|Any CPU.Build.0 = Release|Any CPU
	EndGlobalSection
	GlobalSection(SolutionProperties) = preSolution
		HideSolutionNode = FALSE
	EndGlobalSection
EndGlobal
